
Microsoft Visual Studio Solution File, Format Version 12.00
# Visual Studio 2012
Project("{E24C65DC-7377-472B-9ABA-BC803B73C61A}") = "jamesandersen.github.io", "..\", "{38762080-480E-473F-A16F-C703031A4B01}"
	ProjectSection(WebsiteProperties) = preProject
		TargetFrameworkMoniker = ".NETFramework,Version%3Dv4.0"
		Debug.AspNetCompiler.VirtualPath = "/jamesandersen.github.io"
		Debug.AspNetCompiler.PhysicalPath = "..\..\jamesandersen.github.io\"
		Debug.AspNetCompiler.TargetPath = "PrecompiledWeb\jamesandersen.github.io\"
		Debug.AspNetCompiler.Updateable = "true"
		Debug.AspNetCompiler.ForceOverwrite = "true"
		Debug.AspNetCompiler.FixedNames = "false"
		Debug.AspNetCompiler.Debug = "True"
		Release.AspNetCompiler.VirtualPath = "/jamesandersen.github.io"
		Release.AspNetCompiler.PhysicalPath = "..\..\jamesandersen.github.io\"
		Release.AspNetCompiler.TargetPath = "PrecompiledWeb\jamesandersen.github.io\"
		Release.AspNetCompiler.Updateable = "true"
		Release.AspNetCompiler.ForceOverwrite = "true"
		Release.AspNetCompiler.FixedNames = "false"
		Release.AspNetCompiler.Debug = "False"
		VWDPort = "50681"
	EndProjectSection
EndProject
Project("{2150E333-8FDC-42A3-9474-1A3956D46DE8}") = "Solution Items", "Solution Items", "{4CD483CC-CB31-4E0E-B5CB-8BCA4842A0E8}"
	ProjectSection(SolutionItems) = preProject
		WE-settings.xml = WE-settings.xml
	EndProjectSection
EndProject
Global
	GlobalSection(SolutionConfigurationPlatforms) = preSolution
		Debug|Any CPU = Debug|Any CPU
	EndGlobalSection
	GlobalSection(ProjectConfigurationPlatforms) = postSolution
		{38762080-480E-473F-A16F-C703031A4B01}.Debug|Any CPU.ActiveCfg = Debug|Any CPU
		{38762080-480E-473F-A16F-C703031A4B01}.Debug|Any CPU.Build.0 = Debug|Any CPU
	EndGlobalSection
	GlobalSection(SolutionProperties) = preSolution
		HideSolutionNode = FALSE
	EndGlobalSection
EndGlobal
